
Microsoft Visual Studio Solution File, Format Version 12.00
# Visual Studio Version 18
VisualStudioVersion = 18.6.11806.211 stable
MinimumVisualStudioVersion = 10.0.40219.1
Project("{FAE04EC0-301F-11D3-BF4B-00C04F79EFBC}") = "RecruitmentAgency", "RecruitmentAgency.csproj", "{093F512D-251D-4C87-96D8-3874A92D0762}"
EndProject
Global
	GlobalSection(SolutionConfigurationPlatforms) = preSolution
		Debug|Any CPU = Debug|Any CPU
		Release|Any CPU = Release|Any CPU
	EndGlobalSection
	GlobalSection(ProjectConfigurationPlatforms) = postSolution
		{093F512D-251D-4C87-96D8-3874A92D0762}.Debug|Any CPU.ActiveCfg = Debug|Any CPU
		{093F512D-251D-4C87-96D8-3874A92D0762}.Debug|Any CPU.Build.0 = Debug|Any CPU
		{093F512D-251D-4C87-96D8-3874A92D0762}.Release|Any CPU.ActiveCfg = Release|Any CPU
		{093F512D-251D-4C87-96D8-3874A92D0762}.Release|Any CPU.Build.0 = Release|Any CPU
	EndGlobalSection
	GlobalSection(SolutionProperties) = preSolution
		HideSolutionNode = FALSE
	EndGlobalSection
	GlobalSection(ExtensibilityGlobals) = postSolution
		SolutionGuid = {D57D449D-C50D-42F0-A2CD-5B61BDB119C0}
	EndGlobalSection
EndGlobal
